
Microsoft Visual Studio Solution File, Format Version 12.00
# Visual Studio 15
Project("{FAE04EC0-301F-11D3-BF4B-00C04F79EFBC}") = "Assembly-CSharp", "Assembly-CSharp.csproj", "{C98A7A0B-9076-451F-4F1B-371906DA75DA}"
EndProject
Project("{FAE04EC0-301F-11D3-BF4B-00C04F79EFBC}") = "Assembly-CSharp-Editor", "Assembly-CSharp-Editor.csproj", "{E9F5AF1C-ECA8-08C7-FCD4-1B062B01845D}"
EndProject
Global
	GlobalSection(SolutionConfigurationPlatforms) = preSolution
		Debug|Any CPU = Debug|Any CPU
		Release|Any CPU = Release|Any CPU
	EndGlobalSection
	GlobalSection(ProjectConfigurationPlatforms) = postSolution
		{C98A7A0B-9076-451F-4F1B-371906DA75DA}.Debug|Any CPU.ActiveCfg = Debug|Any CPU
		{C98A7A0B-9076-451F-4F1B-371906DA75DA}.Debug|Any CPU.Build.0 = Debug|Any CPU
		{C98A7A0B-9076-451F-4F1B-371906DA75DA}.Release|Any CPU.ActiveCfg = Release|Any CPU
		{C98A7A0B-9076-451F-4F1B-371906DA75DA}.Release|Any CPU.Build.0 = Release|Any CPU
		{E9F5AF1C-ECA8-08C7-FCD4-1B062B01845D}.Debug|Any CPU.ActiveCfg = Debug|Any CPU
		{E9F5AF1C-ECA8-08C7-FCD4-1B062B01845D}.Debug|Any CPU.Build.0 = Debug|Any CPU
		{E9F5AF1C-ECA8-08C7-FCD4-1B062B01845D}.Release|Any CPU.ActiveCfg = Release|Any CPU
		{E9F5AF1C-ECA8-08C7-FCD4-1B062B01845D}.Release|Any CPU.Build.0 = Release|Any CPU
	EndGlobalSection
	GlobalSection(SolutionProperties) = preSolution
		HideSolutionNode = FALSE
	EndGlobalSection
EndGlobal
